// !$*UTF8*$!
{
	archiveVersion = 1;
	classes = {
	};
	objectVersion = 56;
	objects = {

/* Begin PBXBuildFile section */
		EE94EA6E2F36182C0091CF54 /* antiosApp.swift in Sources */ = {isa = PBXBuildFile; fileRef = EE94EA6D2F36182C0091CF54 /* antiosApp.swift */; };
		EE94EA702F36182C0091CF54 /* ContentView.swift in Sources */ = {isa = PBXBuildFile; fileRef = EE94EA6F2F36182C0091CF54 /* ContentView.swift */; };
		EE94EA722F3618310091CF54 /* Assets.xcassets in Resources */ = {isa = PBXBuildFile; fileRef = EE94EA712F3618310091CF54 /* Assets.xcassets */; };
		EE94EA762F3618310091CF54 /* Preview Assets.xcassets in Resources */ = {isa = PBXBuildFile; fileRef = EE94EA752F3618310091CF54 /* Preview Assets.xcassets */; };
		EE94EA802F3618320091CF54 /* antiosTests.swift in Sources */ = {isa = PBXBuildFile; fileRef = EE94EA7F2F3618320091CF54 /* antiosTests.swift */; };
		EE94EA8A2F3618320091CF54 /* antiosUITests.swift in Sources */ = {isa = PBXBuildFile; fileRef = EE94EA892F3618320091CF54 /* antiosUITests.swift */; };
		EE94EA8C2F3618320091CF54 /* antiosUITestsLaunchTests.swift in Sources */ = {isa = PBXBuildFile; fileRef = EE94EA8B2F3618320091CF54 /* antiosUITestsLaunchTests.swift */; };
		EECCB2972F37552E000E1C0B /* APIClient.swift in Sources */ = {isa = PBXBuildFile; fileRef = EECCB2702F37552D000E1C0B /* APIClient.swift */; };
		EECCB2982F37552E000E1C0B /* KeychainService.swift in Sources */ = {isa = PBXBuildFile; fileRef = EECCB2722F37552D000E1C0B /* KeychainService.swift */; };
		EECCB2992F37552E000E1C0B /* SupabaseManager.swift in Sources */ = {isa = PBXBuildFile; fileRef = EECCB2742F37552D000E1C0B /* SupabaseManager.swift */; };
		EECCB29A2F37552E000E1C0B /* AppTheme.swift in Sources */ = {isa = PBXBuildFile; fileRef = EECCB2772F37552D000E1C0B /* AppTheme.swift */; };
		EECCB29B2F37552E000E1C0B /* ChatViewModel.swift in Sources */ = {isa = PBXBuildFile; fileRef = EECCB27A2F37552D000E1C0B /* ChatViewModel.swift */; };
		EECCB29C2F37552E000E1C0B /* ChatView.swift in Sources */ = {isa = PBXBuildFile; fileRef = EECCB27B2F37552D000E1C0B /* ChatView.swift */; };
		EECCB29D2F37552E000E1C0B /* AuthView.swift in Sources */ = {isa = PBXBuildFile; fileRef = EECCB27D2F37552D000E1C0B /* AuthView.swift */; };
		EECCB29E2F37552E000E1C0B /* AuthManager.swift in Sources */ = {isa = PBXBuildFile; fileRef = EECCB27E2F37552D000E1C0B /* AuthManager.swift */; };
		EECCB29F2F37552E000E1C0B /* AIPersonaSettingsView.swift in Sources */ = {isa = PBXBuildFile; fileRef = EECCB27F2F37552D000E1C0B /* AIPersonaSettingsView.swift */; };
		EECCB2A02F37552E000E1C0B /* DailyCalibrationView.swift in Sources */ = {isa = PBXBuildFile; fileRef = EECCB2812F37552D000E1C0B /* DailyCalibrationView.swift */; };
		EECCB2A12F37552E000E1C0B /* MaxPlanChatView.swift in Sources */ = {isa = PBXBuildFile; fileRef = EECCB2832F37552D000E1C0B /* MaxPlanChatView.swift */; };
		EECCB2A22F37552E000E1C0B /* PlanReplaceService.swift in Sources */ = {isa = PBXBuildFile; fileRef = EECCB2842F37552D000E1C0B /* PlanReplaceService.swift */; };
		EECCB2A32F37552E000E1C0B /* PlanView.swift in Sources */ = {isa = PBXBuildFile; fileRef = EECCB2852F37552D000E1C0B /* PlanView.swift */; };
		EECCB2A42F37552E000E1C0B /* ProfileView.swift in Sources */ = {isa = PBXBuildFile; fileRef = EECCB2872F37552D000E1C0B /* ProfileView.swift */; };
		EECCB2A52F37552E000E1C0B /* HomeView.swift in Sources */ = {isa = PBXBuildFile; fileRef = EECCB2882F37552D000E1C0B /* HomeView.swift */; };
		EECCB2A62F37552E000E1C0B /* ClinicalScalesView.swift in Sources */ = {isa = PBXBuildFile; fileRef = EECCB28A2F37552D000E1C0B /* ClinicalScalesView.swift */; };
		EECCB2A72F37552E000E1C0B /* ReportExportService.swift in Sources */ = {isa = PBXBuildFile; fileRef = EECCB28B2F37552D000E1C0B /* ReportExportService.swift */; };
		EECCB2A82F37552E000E1C0B /* ScaleAssessmentView.swift in Sources */ = {isa = PBXBuildFile; fileRef = EECCB28C2F37552D000E1C0B /* ScaleAssessmentView.swift */; };
		EECCB2A92F37552E000E1C0B /* ResultInterpretationView.swift in Sources */ = {isa = PBXBuildFile; fileRef = EECCB28D2F37552D000E1C0B /* ResultInterpretationView.swift */; };
		EECCB2AA2F37552E000E1C0B /* CuratedFeedView.swift in Sources */ = {isa = PBXBuildFile; fileRef = EECCB28F2F37552D000E1C0B /* CuratedFeedView.swift */; };
		EECCB2AB2F37552E000E1C0B /* DigitalTwinView.swift in Sources */ = {isa = PBXBuildFile; fileRef = EECCB2912F37552D000E1C0B /* DigitalTwinView.swift */; };
		EECCB2AC2F37552E000E1C0B /* HealthKitService.swift in Sources */ = {isa = PBXBuildFile; fileRef = EECCB2932F37552D000E1C0B /* HealthKitService.swift */; };
		EECCB2AD2F37552E000E1C0B /* WearablesView.swift in Sources */ = {isa = PBXBuildFile; fileRef = EECCB2942F37552D000E1C0B /* WearablesView.swift */; };
		EECCB2AE2F37552E000E1C0B /* BayesianAnalyticsService.swift in Sources */ = {isa = PBXBuildFile; fileRef = EECCB2962F37552D000E1C0B /* BayesianAnalyticsService.swift */; };
/* End PBXBuildFile section */

/* Begin PBXContainerItemProxy section */
		EE94EA7C2F3618320091CF54 /* PBXContainerItemProxy */ = {
			isa = PBXContainerItemProxy;
			containerPortal = EE94EA622F36182C0091CF54 /* Project object */;
			proxyType = 1;
			remoteGlobalIDString = EE94EA692F36182C0091CF54;
			remoteInfo = antios;
		};
		EE94EA862F3618320091CF54 /* PBXContainerItemProxy */ = {
			isa = PBXContainerItemProxy;
			containerPortal = EE94EA622F36182C0091CF54 /* Project object */;
			proxyType = 1;
			remoteGlobalIDString = EE94EA692F36182C0091CF54;
			remoteInfo = antios;
		};
/* End PBXContainerItemProxy section */

/* Begin PBXFileReference section */
		EE94EA6A2F36182C0091CF54 /* antios.app */ = {isa = PBXFileReference; explicitFileType = wrapper.application; includeInIndex = 0; path = antios.app; sourceTree = BUILT_PRODUCTS_DIR; };
		EE94EA6D2F36182C0091CF54 /* antiosApp.swift */ = {isa = PBXFileReference; lastKnownFileType = sourcecode.swift; path = antiosApp.swift; sourceTree = "<group>"; };
		EE94EA6F2F36182C0091CF54 /* ContentView.swift */ = {isa = PBXFileReference; lastKnownFileType = sourcecode.swift; path = ContentView.swift; sourceTree = "<group>"; };
		EE94EA712F3618310091CF54 /* Assets.xcassets */ = {isa = PBXFileReference; lastKnownFileType = folder.assetcatalog; path = Assets.xcassets; sourceTree = "<group>"; };
		EE94EA732F3618310091CF54 /* antios.entitlements */ = {isa = PBXFileReference; lastKnownFileType = text.plist.entitlements; path = antios.entitlements; sourceTree = "<group>"; };
		EE94EA752F3618310091CF54 /* Preview Assets.xcassets */ = {isa = PBXFileReference; lastKnownFileType = folder.assetcatalog; path = "Preview Assets.xcassets"; sourceTree = "<group>"; };
		EE94EA7B2F3618320091CF54 /* antiosTests.xctest */ = {isa = PBXFileReference; explicitFileType = wrapper.cfbundle; includeInIndex = 0; path = antiosTests.xctest; sourceTree = BUILT_PRODUCTS_DIR; };
		EE94EA7F2F3618320091CF54 /* antiosTests.swift */ = {isa = PBXFileReference; lastKnownFileType = sourcecode.swift; path = antiosTests.swift; sourceTree = "<group>"; };
		EE94EA852F3618320091CF54 /* antiosUITests.xctest */ = {isa = PBXFileReference; explicitFileType = wrapper.cfbundle; includeInIndex = 0; path = antiosUITests.xctest; sourceTree = BUILT_PRODUCTS_DIR; };
		EE94EA892F3618320091CF54 /* antiosUITests.swift */ = {isa = PBXFileReference; lastKnownFileType = sourcecode.swift; path = antiosUITests.swift; sourceTree = "<group>"; };
		EE94EA8B2F3618320091CF54 /* antiosUITestsLaunchTests.swift */ = {isa = PBXFileReference; lastKnownFileType = sourcecode.swift; path = antiosUITestsLaunchTests.swift; sourceTree = "<group>"; };
		EECCB2702F37552D000E1C0B /* APIClient.swift */ = {isa = PBXFileReference; fileEncoding = 4; lastKnownFileType = sourcecode.swift; path = APIClient.swift; sourceTree = "<group>"; };
		EECCB2722F37552D000E1C0B /* KeychainService.swift */ = {isa = PBXFileReference; fileEncoding = 4; lastKnownFileType = sourcecode.swift; path = KeychainService.swift; sourceTree = "<group>"; };
		EECCB2742F37552D000E1C0B /* SupabaseManager.swift */ = {isa = PBXFileReference; fileEncoding = 4; lastKnownFileType = sourcecode.swift; path = SupabaseManager.swift; sourceTree = "<group>"; };
		EECCB2772F37552D000E1C0B /* AppTheme.swift */ = {isa = PBXFileReference; fileEncoding = 4; lastKnownFileType = sourcecode.swift; path = AppTheme.swift; sourceTree = "<group>"; };
		EECCB27A2F37552D000E1C0B /* ChatViewModel.swift */ = {isa = PBXFileReference; fileEncoding = 4; lastKnownFileType = sourcecode.swift; path = ChatViewModel.swift; sourceTree = "<group>"; };
		EECCB27B2F37552D000E1C0B /* ChatView.swift */ = {isa = PBXFileReference; fileEncoding = 4; lastKnownFileType = sourcecode.swift; path = ChatView.swift; sourceTree = "<group>"; };
		EECCB27D2F37552D000E1C0B /* AuthView.swift */ = {isa = PBXFileReference; fileEncoding = 4; lastKnownFileType = sourcecode.swift; path = AuthView.swift; sourceTree = "<group>"; };
		EECCB27E2F37552D000E1C0B /* AuthManager.swift */ = {isa = PBXFileReference; fileEncoding = 4; lastKnownFileType = sourcecode.swift; path = AuthManager.swift; sourceTree = "<group>"; };
		EECCB27F2F37552D000E1C0B /* AIPersonaSettingsView.swift */ = {isa = PBXFileReference; fileEncoding = 4; lastKnownFileType = sourcecode.swift; path = AIPersonaSettingsView.swift; sourceTree = "<group>"; };
		EECCB2812F37552D000E1C0B /* DailyCalibrationView.swift */ = {isa = PBXFileReference; fileEncoding = 4; lastKnownFileType = sourcecode.swift; path = DailyCalibrationView.swift; sourceTree = "<group>"; };
		EECCB2832F37552D000E1C0B /* MaxPlanChatView.swift */ = {isa = PBXFileReference; fileEncoding = 4; lastKnownFileType = sourcecode.swift; path = MaxPlanChatView.swift; sourceTree = "<group>"; };
		EECCB2842F37552D000E1C0B /* PlanReplaceService.swift */ = {isa = PBXFileReference; fileEncoding = 4; lastKnownFileType = sourcecode.swift; path = PlanReplaceService.swift; sourceTree = "<group>"; };
		EECCB2852F37552D000E1C0B /* PlanView.swift */ = {isa = PBXFileReference; fileEncoding = 4; lastKnownFileType = sourcecode.swift; path = PlanView.swift; sourceTree = "<group>"; };
		EECCB2872F37552D000E1C0B /* ProfileView.swift */ = {isa = PBXFileReference; fileEncoding = 4; lastKnownFileType = sourcecode.swift; path = ProfileView.swift; sourceTree = "<group>"; };
		EECCB2882F37552D000E1C0B /* HomeView.swift */ = {isa = PBXFileReference; fileEncoding = 4; lastKnownFileType = sourcecode.swift; path = HomeView.swift; sourceTree = "<group>"; };
		EECCB28A2F37552D000E1C0B /* ClinicalScalesView.swift */ = {isa = PBXFileReference; fileEncoding = 4; lastKnownFileType = sourcecode.swift; path = ClinicalScalesView.swift; sourceTree = "<group>"; };
		EECCB28B2F37552D000E1C0B /* ReportExportService.swift */ = {isa = PBXFileReference; fileEncoding = 4; lastKnownFileType = sourcecode.swift; path = ReportExportService.swift; sourceTree = "<group>"; };
		EECCB28C2F37552D000E1C0B /* ScaleAssessmentView.swift */ = {isa = PBXFileReference; fileEncoding = 4; lastKnownFileType = sourcecode.swift; path = ScaleAssessmentView.swift; sourceTree = "<group>"; };
		EECCB28D2F37552D000E1C0B /* ResultInterpretationView.swift */ = {isa = PBXFileReference; fileEncoding = 4; lastKnownFileType = sourcecode.swift; path = ResultInterpretationView.swift; sourceTree = "<group>"; };
		EECCB28F2F37552D000E1C0B /* CuratedFeedView.swift */ = {isa = PBXFileReference; fileEncoding = 4; lastKnownFileType = sourcecode.swift; path = CuratedFeedView.swift; sourceTree = "<group>"; };
		EECCB2912F37552D000E1C0B /* DigitalTwinView.swift */ = {isa = PBXFileReference; fileEncoding = 4; lastKnownFileType = sourcecode.swift; path = DigitalTwinView.swift; sourceTree = "<group>"; };
		EECCB2932F37552D000E1C0B /* HealthKitService.swift */ = {isa = PBXFileReference; fileEncoding = 4; lastKnownFileType = sourcecode.swift; path = HealthKitService.swift; sourceTree = "<group>"; };
		EECCB2942F37552D000E1C0B /* WearablesView.swift */ = {isa = PBXFileReference; fileEncoding = 4; lastKnownFileType = sourcecode.swift; path = WearablesView.swift; sourceTree = "<group>"; };
		EECCB2962F37552D000E1C0B /* BayesianAnalyticsService.swift */ = {isa = PBXFileReference; fileEncoding = 4; lastKnownFileType = sourcecode.swift; path = BayesianAnalyticsService.swift; sourceTree = "<group>"; };
/* End PBXFileReference section */

/* Begin PBXFrameworksBuildPhase section */
		EE94EA672F36182C0091CF54 /* Frameworks */ = {
			isa = PBXFrameworksBuildPhase;
			buildActionMask = 2147483647;
			files = (
			);
			runOnlyForDeploymentPostprocessing = 0;
		};
		EE94EA782F3618320091CF54 /* Frameworks */ = {
			isa = PBXFrameworksBuildPhase;
			buildActionMask = 2147483647;
			files = (
			);
			runOnlyForDeploymentPostprocessing = 0;
		};
		EE94EA822F3618320091CF54 /* Frameworks */ = {
			isa = PBXFrameworksBuildPhase;
			buildActionMask = 2147483647;
			files = (
			);
			runOnlyForDeploymentPostprocessing = 0;
		};
/* End PBXFrameworksBuildPhase section */

/* Begin PBXGroup section */
		EE94EA612F36182C0091CF54 = {
			isa = PBXGroup;
			children = (
				EECCB26E2F37552D000E1C0B /* Core */,
				EECCB2782F37552D000E1C0B /* Features */,
				EECCB2752F37552D000E1C0B /* UI */,
				EE94EA6C2F36182C0091CF54 /* antios */,
				EE94EA7E2F3618320091CF54 /* antiosTests */,
				EE94EA882F3618320091CF54 /* antiosUITests */,
				EE94EA6B2F36182C0091CF54 /* Products */,
			);
			sourceTree = "<group>";
		};
		EE94EA6B2F36182C0091CF54 /* Products */ = {
			isa = PBXGroup;
			children = (
				EE94EA6A2F36182C0091CF54 /* antios.app */,
				EE94EA7B2F3618320091CF54 /* antiosTests.xctest */,
				EE94EA852F3618320091CF54 /* antiosUITests.xctest */,
			);
			name = Products;
			sourceTree = "<group>";
		};
		EE94EA6C2F36182C0091CF54 /* antios */ = {
			isa = PBXGroup;
			children = (
				EE94EA6D2F36182C0091CF54 /* antiosApp.swift */,
				EE94EA6F2F36182C0091CF54 /* ContentView.swift */,
				EE94EA712F3618310091CF54 /* Assets.xcassets */,
				EE94EA732F3618310091CF54 /* antios.entitlements */,
				EE94EA742F3618310091CF54 /* Preview Content */,
			);
			path = antios;
			sourceTree = "<group>";
		};
		EE94EA742F3618310091CF54 /* Preview Content */ = {
			isa = PBXGroup;
			children = (
				EE94EA752F3618310091CF54 /* Preview Assets.xcassets */,
			);
			path = "Preview Content";
			sourceTree = "<group>";
		};
		EE94EA7E2F3618320091CF54 /* antiosTests */ = {
			isa = PBXGroup;
			children = (
				EE94EA7F2F3618320091CF54 /* antiosTests.swift */,
			);
			path = antiosTests;
			sourceTree = "<group>";
		};
		EE94EA882F3618320091CF54 /* antiosUITests */ = {
			isa = PBXGroup;
			children = (
				EE94EA892F3618320091CF54 /* antiosUITests.swift */,
				EE94EA8B2F3618320091CF54 /* antiosUITestsLaunchTests.swift */,
			);
			path = antiosUITests;
			sourceTree = "<group>";
		};
		EECCB26E2F37552D000E1C0B /* Core */ = {
			isa = PBXGroup;
			children = (
				EECCB26F2F37552D000E1C0B /* Network */,
				EECCB2712F37552D000E1C0B /* Storage */,
				EECCB2732F37552D000E1C0B /* Supabase */,
			);
			path = Core;
			sourceTree = "<group>";
		};
		EECCB26F2F37552D000E1C0B /* Network */ = {
			isa = PBXGroup;
			children = (
				EECCB2702F37552D000E1C0B /* APIClient.swift */,
			);
			path = Network;
			sourceTree = "<group>";
		};
		EECCB2712F37552D000E1C0B /* Storage */ = {
			isa = PBXGroup;
			children = (
				EECCB2722F37552D000E1C0B /* KeychainService.swift */,
			);
			path = Storage;
			sourceTree = "<group>";
		};
		EECCB2732F37552D000E1C0B /* Supabase */ = {
			isa = PBXGroup;
			children = (
				EECCB2742F37552D000E1C0B /* SupabaseManager.swift */,
			);
			path = Supabase;
			sourceTree = "<group>";
		};
		EECCB2752F37552D000E1C0B /* UI */ = {
			isa = PBXGroup;
			children = (
				EECCB2762F37552D000E1C0B /* Theme */,
			);
			path = UI;
			sourceTree = "<group>";
		};
		EECCB2762F37552D000E1C0B /* Theme */ = {
			isa = PBXGroup;
			children = (
				EECCB2772F37552D000E1C0B /* AppTheme.swift */,
			);
			path = Theme;
			sourceTree = "<group>";
		};
		EECCB2782F37552D000E1C0B /* Features */ = {
			isa = PBXGroup;
			children = (
				EECCB2792F37552D000E1C0B /* Chat */,
				EECCB27C2F37552D000E1C0B /* Auth */,
				EECCB2802F37552D000E1C0B /* Calibration */,
				EECCB2822F37552D000E1C0B /* Plan */,
				EECCB2862F37552D000E1C0B /* Shared */,
				EECCB2892F37552D000E1C0B /* Assessment */,
				EECCB28E2F37552D000E1C0B /* Feed */,
				EECCB2902F37552D000E1C0B /* DigitalTwin */,
				EECCB2922F37552D000E1C0B /* Wearables */,
				EECCB2952F37552D000E1C0B /* Analytics */,
			);
			path = Features;
			sourceTree = "<group>";
		};
		EECCB2792F37552D000E1C0B /* Chat */ = {
			isa = PBXGroup;
			children = (
				EECCB27A2F37552D000E1C0B /* ChatViewModel.swift */,
				EECCB27B2F37552D000E1C0B /* ChatView.swift */,
			);
			path = Chat;
			sourceTree = "<group>";
		};
		EECCB27C2F37552D000E1C0B /* Auth */ = {
			isa = PBXGroup;
			children = (
				EECCB27D2F37552D000E1C0B /* AuthView.swift */,
				EECCB27E2F37552D000E1C0B /* AuthManager.swift */,
				EECCB27F2F37552D000E1C0B /* AIPersonaSettingsView.swift */,
			);
			path = Auth;
			sourceTree = "<group>";
		};
		EECCB2802F37552D000E1C0B /* Calibration */ = {
			isa = PBXGroup;
			children = (
				EECCB2812F37552D000E1C0B /* DailyCalibrationView.swift */,
			);
			path = Calibration;
			sourceTree = "<group>";
		};
		EECCB2822F37552D000E1C0B /* Plan */ = {
			isa = PBXGroup;
			children = (
				EECCB2832F37552D000E1C0B /* MaxPlanChatView.swift */,
				EECCB2842F37552D000E1C0B /* PlanReplaceService.swift */,
				EECCB2852F37552D000E1C0B /* PlanView.swift */,
			);
			path = Plan;
			sourceTree = "<group>";
		};
		EECCB2862F37552D000E1C0B /* Shared */ = {
			isa = PBXGroup;
			children = (
				EECCB2872F37552D000E1C0B /* ProfileView.swift */,
				EECCB2882F37552D000E1C0B /* HomeView.swift */,
			);
			path = Shared;
			sourceTree = "<group>";
		};
		EECCB2892F37552D000E1C0B /* Assessment */ = {
			isa = PBXGroup;
			children = (
				EECCB28A2F37552D000E1C0B /* ClinicalScalesView.swift */,
				EECCB28B2F37552D000E1C0B /* ReportExportService.swift */,
				EECCB28C2F37552D000E1C0B /* ScaleAssessmentView.swift */,
				EECCB28D2F37552D000E1C0B /* ResultInterpretationView.swift */,
			);
			path = Assessment;
			sourceTree = "<group>";
		};
		EECCB28E2F37552D000E1C0B /* Feed */ = {
			isa = PBXGroup;
			children = (
				EECCB28F2F37552D000E1C0B /* CuratedFeedView.swift */,
			);
			path = Feed;
			sourceTree = "<group>";
		};
		EECCB2902F37552D000E1C0B /* DigitalTwin */ = {
			isa = PBXGroup;
			children = (
				EECCB2912F37552D000E1C0B /* DigitalTwinView.swift */,
			);
			path = DigitalTwin;
			sourceTree = "<group>";
		};
		EECCB2922F37552D000E1C0B /* Wearables */ = {
			isa = PBXGroup;
			children = (
				EECCB2932F37552D000E1C0B /* HealthKitService.swift */,
				EECCB2942F37552D000E1C0B /* WearablesView.swift */,
			);
			path = Wearables;
			sourceTree = "<group>";
		};
		EECCB2952F37552D000E1C0B /* Analytics */ = {
			isa = PBXGroup;
			children = (
				EECCB2962F37552D000E1C0B /* BayesianAnalyticsService.swift */,
			);
			path = Analytics;
			sourceTree = "<group>";
		};
/* End PBXGroup section */

/* Begin PBXNativeTarget section */
		EE94EA692F36182C0091CF54 /* antios */ = {
			isa = PBXNativeTarget;
			buildConfigurationList = EE94EA8F2F3618320091CF54 /* Build configuration list for PBXNativeTarget "antios" */;
			buildPhases = (
				EE94EA662F36182C0091CF54 /* Sources */,
				EE94EA672F36182C0091CF54 /* Frameworks */,
				EE94EA682F36182C0091CF54 /* Resources */,
			);
			buildRules = (
			);
			dependencies = (
			);
			name = antios;
			productName = antios;
			productReference = EE94EA6A2F36182C0091CF54 /* antios.app */;
			productType = "com.apple.product-type.application";
		};
		EE94EA7A2F3618320091CF54 /* antiosTests */ = {
			isa = PBXNativeTarget;
			buildConfigurationList = EE94EA922F3618320091CF54 /* Build configuration list for PBXNativeTarget "antiosTests" */;
			buildPhases = (
				EE94EA772F3618320091CF54 /* Sources */,
				EE94EA782F3618320091CF54 /* Frameworks */,
				EE94EA792F3618320091CF54 /* Resources */,
			);
			buildRules = (
			);
			dependencies = (
				EE94EA7D2F3618320091CF54 /* PBXTargetDependency */,
			);
			name = antiosTests;
			productName = antiosTests;
			productReference = EE94EA7B2F3618320091CF54 /* antiosTests.xctest */;
			productType = "com.apple.product-type.bundle.unit-test";
		};
		EE94EA842F3618320091CF54 /* antiosUITests */ = {
			isa = PBXNativeTarget;
			buildConfigurationList = EE94EA952F3618320091CF54 /* Build configuration list for PBXNativeTarget "antiosUITests" */;
			buildPhases = (
				EE94EA812F3618320091CF54 /* Sources */,
				EE94EA822F3618320091CF54 /* Frameworks */,
				EE94EA832F3618320091CF54 /* Resources */,
			);
			buildRules = (
			);
			dependencies = (
				EE94EA872F3618320091CF54 /* PBXTargetDependency */,
			);
			name = antiosUITests;
			productName = antiosUITests;
			productReference = EE94EA852F3618320091CF54 /* antiosUITests.xctest */;
			productType = "com.apple.product-type.bundle.ui-testing";
		};
/* End PBXNativeTarget section */

/* Begin PBXProject section */
		EE94EA622F36182C0091CF54 /* Project object */ = {
			isa = PBXProject;
			attributes = {
				BuildIndependentTargetsInParallel = 1;
				LastSwiftUpdateCheck = 1420;
				LastUpgradeCheck = 1420;
				TargetAttributes = {
					EE94EA692F36182C0091CF54 = {
						CreatedOnToolsVersion = 14.2;
					};
					EE94EA7A2F3618320091CF54 = {
						CreatedOnToolsVersion = 14.2;
						TestTargetID = EE94EA692F36182C0091CF54;
					};
					EE94EA842F3618320091CF54 = {
						CreatedOnToolsVersion = 14.2;
						TestTargetID = EE94EA692F36182C0091CF54;
					};
				};
			};
			buildConfigurationList = EE94EA652F36182C0091CF54 /* Build configuration list for PBXProject "antios" */;
			compatibilityVersion = "Xcode 14.0";
			developmentRegion = en;
			hasScannedForEncodings = 0;
			knownRegions = (
				en,
				Base,
			);
			mainGroup = EE94EA612F36182C0091CF54;
			productRefGroup = EE94EA6B2F36182C0091CF54 /* Products */;
			projectDirPath = "";
			projectRoot = "";
			targets = (
				EE94EA692F36182C0091CF54 /* antios */,
				EE94EA7A2F3618320091CF54 /* antiosTests */,
				EE94EA842F3618320091CF54 /* antiosUITests */,
			);
		};
/* End PBXProject section */

/* Begin PBXResourcesBuildPhase section */
		EE94EA682F36182C0091CF54 /* Resources */ = {
			isa = PBXResourcesBuildPhase;
			buildActionMask = 2147483647;
			files = (
				EE94EA762F3618310091CF54 /* Preview Assets.xcassets in Resources */,
				EE94EA722F3618310091CF54 /* Assets.xcassets in Resources */,
			);
			runOnlyForDeploymentPostprocessing = 0;
		};
		EE94EA792F3618320091CF54 /* Resources */ = {
			isa = PBXResourcesBuildPhase;
			buildActionMask = 2147483647;
			files = (
			);
			runOnlyForDeploymentPostprocessing = 0;
		};
		EE94EA832F3618320091CF54 /* Resources */ = {
			isa = PBXResourcesBuildPhase;
			buildActionMask = 2147483647;
			files = (
			);
			runOnlyForDeploymentPostprocessing = 0;
		};
/* End PBXResourcesBuildPhase section */

/* Begin PBXSourcesBuildPhase section */
		EE94EA662F36182C0091CF54 /* Sources */ = {
			isa = PBXSourcesBuildPhase;
			buildActionMask = 2147483647;
			files = (
				EECCB2A12F37552E000E1C0B /* MaxPlanChatView.swift in Sources */,
				EECCB2992F37552E000E1C0B /* SupabaseManager.swift in Sources */,
				EECCB29B2F37552E000E1C0B /* ChatViewModel.swift in Sources */,
				EE94EA702F36182C0091CF54 /* ContentView.swift in Sources */,
				EECCB2A62F37552E000E1C0B /* ClinicalScalesView.swift in Sources */,
				EECCB2982F37552E000E1C0B /* KeychainService.swift in Sources */,
				EECCB2A72F37552E000E1C0B /* ReportExportService.swift in Sources */,
				EECCB2A52F37552E000E1C0B /* HomeView.swift in Sources */,
				EECCB2AC2F37552E000E1C0B /* HealthKitService.swift in Sources */,
				EECCB29C2F37552E000E1C0B /* ChatView.swift in Sources */,
				EECCB2AA2F37552E000E1C0B /* CuratedFeedView.swift in Sources */,
				EECCB29F2F37552E000E1C0B /* AIPersonaSettingsView.swift in Sources */,
				EECCB29A2F37552E000E1C0B /* AppTheme.swift in Sources */,
				EECCB2A42F37552E000E1C0B /* ProfileView.swift in Sources */,
				EE94EA6E2F36182C0091CF54 /* antiosApp.swift in Sources */,
				EECCB2A82F37552E000E1C0B /* ScaleAssessmentView.swift in Sources */,
				EECCB2972F37552E000E1C0B /* APIClient.swift in Sources */,
				EECCB29D2F37552E000E1C0B /* AuthView.swift in Sources */,
				EECCB2A22F37552E000E1C0B /* PlanReplaceService.swift in Sources */,
				EECCB2AD2F37552E000E1C0B /* WearablesView.swift in Sources */,
				EECCB29E2F37552E000E1C0B /* AuthManager.swift in Sources */,
				EECCB2A92F37552E000E1C0B /* ResultInterpretationView.swift in Sources */,
				EECCB2AE2F37552E000E1C0B /* BayesianAnalyticsService.swift in Sources */,
				EECCB2A02F37552E000E1C0B /* DailyCalibrationView.swift in Sources */,
				EECCB2A32F37552E000E1C0B /* PlanView.swift in Sources */,
				EECCB2AB2F37552E000E1C0B /* DigitalTwinView.swift in Sources */,
			);
			runOnlyForDeploymentPostprocessing = 0;
		};
		EE94EA772F3618320091CF54 /* Sources */ = {
			isa = PBXSourcesBuildPhase;
			buildActionMask = 2147483647;
			files = (
				EE94EA802F3618320091CF54 /* antiosTests.swift in Sources */,
			);
			runOnlyForDeploymentPostprocessing = 0;
		};
		EE94EA812F3618320091CF54 /* Sources */ = {
			isa = PBXSourcesBuildPhase;
			buildActionMask = 2147483647;
			files = (
				EE94EA8C2F3618320091CF54 /* antiosUITestsLaunchTests.swift in Sources */,
				EE94EA8A2F3618320091CF54 /* antiosUITests.swift in Sources */,
			);
			runOnlyForDeploymentPostprocessing = 0;
		};
/* End PBXSourcesBuildPhase section */

/* Begin PBXTargetDependency section */
		EE94EA7D2F3618320091CF54 /* PBXTargetDependency */ = {
			isa = PBXTargetDependency;
			target = EE94EA692F36182C0091CF54 /* antios */;
			targetProxy = EE94EA7C2F3618320091CF54 /* PBXContainerItemProxy */;
		};
		EE94EA872F3618320091CF54 /* PBXTargetDependency */ = {
			isa = PBXTargetDependency;
			target = EE94EA692F36182C0091CF54 /* antios */;
			targetProxy = EE94EA862F3618320091CF54 /* PBXContainerItemProxy */;
		};
/* End PBXTargetDependency section */

/* Begin XCBuildConfiguration section */
		EE94EA8D2F3618320091CF54 /* Debug */ = {
			isa = XCBuildConfiguration;
			buildSettings = {
				ALWAYS_SEARCH_USER_PATHS = NO;
				CLANG_ANALYZER_NONNULL = YES;
				CLANG_ANALYZER_NUMBER_OBJECT_CONVERSION = YES_AGGRESSIVE;
				CLANG_CXX_LANGUAGE_STANDARD = "gnu++20";
				CLANG_ENABLE_MODULES = YES;
				CLANG_ENABLE_OBJC_ARC = YES;
				CLANG_ENABLE_OBJC_WEAK = YES;
				CLANG_WARN_BLOCK_CAPTURE_AUTORELEASING = YES;
				CLANG_WARN_BOOL_CONVERSION = YES;
				CLANG_WARN_COMMA = YES;
				CLANG_WARN_CONSTANT_CONVERSION = YES;
				CLANG_WARN_DEPRECATED_OBJC_IMPLEMENTATIONS = YES;
				CLANG_WARN_DIRECT_OBJC_ISA_USAGE = YES_ERROR;
				CLANG_WARN_DOCUMENTATION_COMMENTS = YES;
				CLANG_WARN_EMPTY_BODY = YES;
				CLANG_WARN_ENUM_CONVERSION = YES;
				CLANG_WARN_INFINITE_RECURSION = YES;
				CLANG_WARN_INT_CONVERSION = YES;
				CLANG_WARN_NON_LITERAL_NULL_CONVERSION = YES;
				CLANG_WARN_OBJC_IMPLICIT_RETAIN_SELF = YES;
				CLANG_WARN_OBJC_LITERAL_CONVERSION = YES;
				CLANG_WARN_OBJC_ROOT_CLASS = YES_ERROR;
				CLANG_WARN_QUOTED_INCLUDE_IN_FRAMEWORK_HEADER = YES;
				CLANG_WARN_RANGE_LOOP_ANALYSIS = YES;
				CLANG_WARN_STRICT_PROTOTYPES = YES;
				CLANG_WARN_SUSPICIOUS_MOVE = YES;
				CLANG_WARN_UNGUARDED_AVAILABILITY = YES_AGGRESSIVE;
				CLANG_WARN_UNREACHABLE_CODE = YES;
				CLANG_WARN__DUPLICATE_METHOD_MATCH = YES;
				COPY_PHASE_STRIP = NO;
				DEBUG_INFORMATION_FORMAT = dwarf;
				ENABLE_STRICT_OBJC_MSGSEND = YES;
				ENABLE_TESTABILITY = YES;
				GCC_C_LANGUAGE_STANDARD = gnu11;
				GCC_DYNAMIC_NO_PIC = NO;
				GCC_NO_COMMON_BLOCKS = YES;
				GCC_OPTIMIZATION_LEVEL = 0;
				GCC_PREPROCESSOR_DEFINITIONS = (
					"DEBUG=1",
					"$(inherited)",
				);
				GCC_WARN_64_TO_32_BIT_CONVERSION = YES;
				GCC_WARN_ABOUT_RETURN_TYPE = YES_ERROR;
				GCC_WARN_UNDECLARED_SELECTOR = YES;
				GCC_WARN_UNINITIALIZED_AUTOS = YES_AGGRESSIVE;
				GCC_WARN_UNUSED_FUNCTION = YES;
				GCC_WARN_UNUSED_VARIABLE = YES;
				MTL_ENABLE_DEBUG_INFO = INCLUDE_SOURCE;
				MTL_FAST_MATH = YES;
				ONLY_ACTIVE_ARCH = YES;
				SWIFT_ACTIVE_COMPILATION_CONDITIONS = DEBUG;
				SWIFT_OPTIMIZATION_LEVEL = "-Onone";
			};
			name = Debug;
		};
		EE94EA8E2F3618320091CF54 /* Release */ = {
			isa = XCBuildConfiguration;
			buildSettings = {
				ALWAYS_SEARCH_USER_PATHS = NO;
				CLANG_ANALYZER_NONNULL = YES;
				CLANG_ANALYZER_NUMBER_OBJECT_CONVERSION = YES_AGGRESSIVE;
				CLANG_CXX_LANGUAGE_STANDARD = "gnu++20";
				CLANG_ENABLE_MODULES = YES;
				CLANG_ENABLE_OBJC_ARC = YES;
				CLANG_ENABLE_OBJC_WEAK = YES;
				CLANG_WARN_BLOCK_CAPTURE_AUTORELEASING = YES;
				CLANG_WARN_BOOL_CONVERSION = YES;
				CLANG_WARN_COMMA = YES;
				CLANG_WARN_CONSTANT_CONVERSION = YES;
				CLANG_WARN_DEPRECATED_OBJC_IMPLEMENTATIONS = YES;
				CLANG_WARN_DIRECT_OBJC_ISA_USAGE = YES_ERROR;
				CLANG_WARN_DOCUMENTATION_COMMENTS = YES;
				CLANG_WARN_EMPTY_BODY = YES;
				CLANG_WARN_ENUM_CONVERSION = YES;
				CLANG_WARN_INFINITE_RECURSION = YES;
				CLANG_WARN_INT_CONVERSION = YES;
				CLANG_WARN_NON_LITERAL_NULL_CONVERSION = YES;
				CLANG_WARN_OBJC_IMPLICIT_RETAIN_SELF = YES;
				CLANG_WARN_OBJC_LITERAL_CONVERSION = YES;
				CLANG_WARN_OBJC_ROOT_CLASS = YES_ERROR;
				CLANG_WARN_QUOTED_INCLUDE_IN_FRAMEWORK_HEADER = YES;
				CLANG_WARN_RANGE_LOOP_ANALYSIS = YES;
				CLANG_WARN_STRICT_PROTOTYPES = YES;
				CLANG_WARN_SUSPICIOUS_MOVE = YES;
				CLANG_WARN_UNGUARDED_AVAILABILITY = YES_AGGRESSIVE;
				CLANG_WARN_UNREACHABLE_CODE = YES;
				CLANG_WARN__DUPLICATE_METHOD_MATCH = YES;
				COPY_PHASE_STRIP = NO;
				DEBUG_INFORMATION_FORMAT = "dwarf-with-dsym";
				ENABLE_NS_ASSERTIONS = NO;
				ENABLE_STRICT_OBJC_MSGSEND = YES;
				GCC_C_LANGUAGE_STANDARD = gnu11;
				GCC_NO_COMMON_BLOCKS = YES;
				GCC_WARN_64_TO_32_BIT_CONVERSION = YES;
				GCC_WARN_ABOUT_RETURN_TYPE = YES_ERROR;
				GCC_WARN_UNDECLARED_SELECTOR = YES;
				GCC_WARN_UNINITIALIZED_AUTOS = YES_AGGRESSIVE;
				GCC_WARN_UNUSED_FUNCTION = YES;
				GCC_WARN_UNUSED_VARIABLE = YES;
				MTL_ENABLE_DEBUG_INFO = NO;
				MTL_FAST_MATH = YES;
				SWIFT_COMPILATION_MODE = wholemodule;
				SWIFT_OPTIMIZATION_LEVEL = "-O";
			};
			name = Release;
		};
		EE94EA902F3618320091CF54 /* Debug */ = {
			isa = XCBuildConfiguration;
			buildSettings = {
				ASSETCATALOG_COMPILER_APPICON_NAME = AppIcon;
				ASSETCATALOG_COMPILER_GLOBAL_ACCENT_COLOR_NAME = AccentColor;
				CODE_SIGN_ENTITLEMENTS = antios/antios.entitlements;
				CODE_SIGN_STYLE = Automatic;
				CURRENT_PROJECT_VERSION = 1;
				DEVELOPMENT_ASSET_PATHS = "\"antios/Preview Content\"";
				DEVELOPMENT_TEAM = SNN7H3KC2R;
				ENABLE_HARDENED_RUNTIME = YES;
				ENABLE_PREVIEWS = YES;
				GENERATE_INFOPLIST_FILE = YES;
				"INFOPLIST_KEY_UIApplicationSceneManifest_Generation[sdk=iphoneos*]" = YES;
				"INFOPLIST_KEY_UIApplicationSceneManifest_Generation[sdk=iphonesimulator*]" = YES;
				"INFOPLIST_KEY_UIApplicationSupportsIndirectInputEvents[sdk=iphoneos*]" = YES;
				"INFOPLIST_KEY_UIApplicationSupportsIndirectInputEvents[sdk=iphonesimulator*]" = YES;
				"INFOPLIST_KEY_UILaunchScreen_Generation[sdk=iphoneos*]" = YES;
				"INFOPLIST_KEY_UILaunchScreen_Generation[sdk=iphonesimulator*]" = YES;
				"INFOPLIST_KEY_UIStatusBarStyle[sdk=iphoneos*]" = UIStatusBarStyleDefault;
				"INFOPLIST_KEY_UIStatusBarStyle[sdk=iphonesimulator*]" = UIStatusBarStyleDefault;
				INFOPLIST_KEY_UISupportedInterfaceOrientations_iPad = "UIInterfaceOrientationPortrait UIInterfaceOrientationPortraitUpsideDown UIInterfaceOrientationLandscapeLeft UIInterfaceOrientationLandscapeRight";
				INFOPLIST_KEY_UISupportedInterfaceOrientations_iPhone = "UIInterfaceOrientationPortrait UIInterfaceOrientationLandscapeLeft UIInterfaceOrientationLandscapeRight";
				IPHONEOS_DEPLOYMENT_TARGET = 16.2;
				LD_RUNPATH_SEARCH_PATHS = "@executable_path/Frameworks";
				"LD_RUNPATH_SEARCH_PATHS[sdk=macosx*]" = "@executable_path/../Frameworks";
				MACOSX_DEPLOYMENT_TARGET = 12.7;
				MARKETING_VERSION = 1.0;
				PRODUCT_BUNDLE_IDENTIFIER = com.youngtony.antios;
				PRODUCT_NAME = "$(TARGET_NAME)";
				SDKROOT = auto;
				SUPPORTED_PLATFORMS = "iphoneos iphonesimulator macosx";
				SWIFT_EMIT_LOC_STRINGS = YES;
				SWIFT_VERSION = 5.0;
				TARGETED_DEVICE_FAMILY = "1,2";
			};
			name = Debug;
		};
		EE94EA912F3618320091CF54 /* Release */ = {
			isa = XCBuildConfiguration;
			buildSettings = {
				ASSETCATALOG_COMPILER_APPICON_NAME = AppIcon;
				ASSETCATALOG_COMPILER_GLOBAL_ACCENT_COLOR_NAME = AccentColor;
				CODE_SIGN_ENTITLEMENTS = antios/antios.entitlements;
				CODE_SIGN_STYLE = Automatic;
				CURRENT_PROJECT_VERSION = 1;
				DEVELOPMENT_ASSET_PATHS = "\"antios/Preview Content\"";
				DEVELOPMENT_TEAM = SNN7H3KC2R;
				ENABLE_HARDENED_RUNTIME = YES;
				ENABLE_PREVIEWS = YES;
				GENERATE_INFOPLIST_FILE = YES;
				"INFOPLIST_KEY_UIApplicationSceneManifest_Generation[sdk=iphoneos*]" = YES;
				"INFOPLIST_KEY_UIApplicationSceneManifest_Generation[sdk=iphonesimulator*]" = YES;
				"INFOPLIST_KEY_UIApplicationSupportsIndirectInputEvents[sdk=iphoneos*]" = YES;
				"INFOPLIST_KEY_UIApplicationSupportsIndirectInputEvents[sdk=iphonesimulator*]" = YES;
				"INFOPLIST_KEY_UILaunchScreen_Generation[sdk=iphoneos*]" = YES;
				"INFOPLIST_KEY_UILaunchScreen_Generation[sdk=iphonesimulator*]" = YES;
				"INFOPLIST_KEY_UIStatusBarStyle[sdk=iphoneos*]" = UIStatusBarStyleDefault;
				"INFOPLIST_KEY_UIStatusBarStyle[sdk=iphonesimulator*]" = UIStatusBarStyleDefault;
				INFOPLIST_KEY_UISupportedInterfaceOrientations_iPad = "UIInterfaceOrientationPortrait UIInterfaceOrientationPortraitUpsideDown UIInterfaceOrientationLandscapeLeft UIInterfaceOrientationLandscapeRight";
				INFOPLIST_KEY_UISupportedInterfaceOrientations_iPhone = "UIInterfaceOrientationPortrait UIInterfaceOrientationLandscapeLeft UIInterfaceOrientationLandscapeRight";
				IPHONEOS_DEPLOYMENT_TARGET = 16.2;
				LD_RUNPATH_SEARCH_PATHS = "@executable_path/Frameworks";
				"LD_RUNPATH_SEARCH_PATHS[sdk=macosx*]" = "@executable_path/../Frameworks";
				MACOSX_DEPLOYMENT_TARGET = 12.7;
				MARKETING_VERSION = 1.0;
				PRODUCT_BUNDLE_IDENTIFIER = com.youngtony.antios;
				PRODUCT_NAME = "$(TARGET_NAME)";
				SDKROOT = auto;
				SUPPORTED_PLATFORMS = "iphoneos iphonesimulator macosx";
				SWIFT_EMIT_LOC_STRINGS = YES;
				SWIFT_VERSION = 5.0;
				TARGETED_DEVICE_FAMILY = "1,2";
			};
			name = Release;
		};
		EE94EA932F3618320091CF54 /* Debug */ = {
			isa = XCBuildConfiguration;
			buildSettings = {
				ALWAYS_EMBED_SWIFT_STANDARD_LIBRARIES = YES;
				BUNDLE_LOADER = "$(TEST_HOST)";
				CODE_SIGN_STYLE = Automatic;
				CURRENT_PROJECT_VERSION = 1;
				DEVELOPMENT_TEAM = SNN7H3KC2R;
				GENERATE_INFOPLIST_FILE = YES;
				IPHONEOS_DEPLOYMENT_TARGET = 16.2;
				MACOSX_DEPLOYMENT_TARGET = 12.7;
				MARKETING_VERSION = 1.0;
				PRODUCT_BUNDLE_IDENTIFIER = com.youngtony.antiosTests;
				PRODUCT_NAME = "$(TARGET_NAME)";
				SDKROOT = auto;
				SUPPORTED_PLATFORMS = "iphoneos iphonesimulator macosx";
				SWIFT_EMIT_LOC_STRINGS = NO;
				SWIFT_VERSION = 5.0;
				TARGETED_DEVICE_FAMILY = "1,2";
				TEST_HOST = "$(BUILT_PRODUCTS_DIR)/antios.app/$(BUNDLE_EXECUTABLE_FOLDER_PATH)/antios";
			};
			name = Debug;
		};
		EE94EA942F3618320091CF54 /* Release */ = {
			isa = XCBuildConfiguration;
			buildSettings = {
				ALWAYS_EMBED_SWIFT_STANDARD_LIBRARIES = YES;
				BUNDLE_LOADER = "$(TEST_HOST)";
				CODE_SIGN_STYLE = Automatic;
				CURRENT_PROJECT_VERSION = 1;
				DEVELOPMENT_TEAM = SNN7H3KC2R;
				GENERATE_INFOPLIST_FILE = YES;
				IPHONEOS_DEPLOYMENT_TARGET = 16.2;
				MACOSX_DEPLOYMENT_TARGET = 12.7;
				MARKETING_VERSION = 1.0;
				PRODUCT_BUNDLE_IDENTIFIER = com.youngtony.antiosTests;
				PRODUCT_NAME = "$(TARGET_NAME)";
				SDKROOT = auto;
				SUPPORTED_PLATFORMS = "iphoneos iphonesimulator macosx";
				SWIFT_EMIT_LOC_STRINGS = NO;
				SWIFT_VERSION = 5.0;
				TARGETED_DEVICE_FAMILY = "1,2";
				TEST_HOST = "$(BUILT_PRODUCTS_DIR)/antios.app/$(BUNDLE_EXECUTABLE_FOLDER_PATH)/antios";
			};
			name = Release;
		};
		EE94EA962F3618320091CF54 /* Debug */ = {
			isa = XCBuildConfiguration;
			buildSettings = {
				ALWAYS_EMBED_SWIFT_STANDARD_LIBRARIES = YES;
				CODE_SIGN_STYLE = Automatic;
				CURRENT_PROJECT_VERSION = 1;
				DEVELOPMENT_TEAM = SNN7H3KC2R;
				GENERATE_INFOPLIST_FILE = YES;
				IPHONEOS_DEPLOYMENT_TARGET = 16.2;
				MACOSX_DEPLOYMENT_TARGET = 12.7;
				MARKETING_VERSION = 1.0;
				PRODUCT_BUNDLE_IDENTIFIER = com.youngtony.antiosUITests;
				PRODUCT_NAME = "$(TARGET_NAME)";
				SDKROOT = auto;
				SUPPORTED_PLATFORMS = "iphoneos iphonesimulator macosx";
				SWIFT_EMIT_LOC_STRINGS = NO;
				SWIFT_VERSION = 5.0;
				TARGETED_DEVICE_FAMILY = "1,2";
				TEST_TARGET_NAME = antios;
			};
			name = Debug;
		};
		EE94EA972F3618320091CF54 /* Release */ = {
			isa = XCBuildConfiguration;
			buildSettings = {
				ALWAYS_EMBED_SWIFT_STANDARD_LIBRARIES = YES;
				CODE_SIGN_STYLE = Automatic;
				CURRENT_PROJECT_VERSION = 1;
				DEVELOPMENT_TEAM = SNN7H3KC2R;
				GENERATE_INFOPLIST_FILE = YES;
				IPHONEOS_DEPLOYMENT_TARGET = 16.2;
				MACOSX_DEPLOYMENT_TARGET = 12.7;
				MARKETING_VERSION = 1.0;
				PRODUCT_BUNDLE_IDENTIFIER = com.youngtony.antiosUITests;
				PRODUCT_NAME = "$(TARGET_NAME)";
				SDKROOT = auto;
				SUPPORTED_PLATFORMS = "iphoneos iphonesimulator macosx";
				SWIFT_EMIT_LOC_STRINGS = NO;
				SWIFT_VERSION = 5.0;
				TARGETED_DEVICE_FAMILY = "1,2";
				TEST_TARGET_NAME = antios;
			};
			name = Release;
		};
/* End XCBuildConfiguration section */

/* Begin XCConfigurationList section */
		EE94EA652F36182C0091CF54 /* Build configuration list for PBXProject "antios" */ = {
			isa = XCConfigurationList;
			buildConfigurations = (
				EE94EA8D2F3618320091CF54 /* Debug */,
				EE94EA8E2F3618320091CF54 /* Release */,
			);
			defaultConfigurationIsVisible = 0;
			defaultConfigurationName = Release;
		};
		EE94EA8F2F3618320091CF54 /* Build configuration list for PBXNativeTarget "antios" */ = {
			isa = XCConfigurationList;
			buildConfigurations = (
				EE94EA902F3618320091CF54 /* Debug */,
				EE94EA912F3618320091CF54 /* Release */,
			);
			defaultConfigurationIsVisible = 0;
			defaultConfigurationName = Release;
		};
		EE94EA922F3618320091CF54 /* Build configuration list for PBXNativeTarget "antiosTests" */ = {
			isa = XCConfigurationList;
			buildConfigurations = (
				EE94EA932F3618320091CF54 /* Debug */,
				EE94EA942F3618320091CF54 /* Release */,
			);
			defaultConfigurationIsVisible = 0;
			defaultConfigurationName = Release;
		};
		EE94EA952F3618320091CF54 /* Build configuration list for PBXNativeTarget "antiosUITests" */ = {
			isa = XCConfigurationList;
			buildConfigurations = (
				EE94EA962F3618320091CF54 /* Debug */,
				EE94EA972F3618320091CF54 /* Release */,
			);
			defaultConfigurationIsVisible = 0;
			defaultConfigurationName = Release;
		};
/* End XCConfigurationList section */
	};
	rootObject = EE94EA622F36182C0091CF54 /* Project object */;
}
